
Microsoft Visual Studio Solution File, Format Version 12.00
# Visual Studio 15
VisualStudioVersion = 15.0.27428.2002
MinimumVisualStudioVersion = 10.0.40219.1
Project("{FAE04EC0-301F-11D3-BF4B-00C04F79EFBC}") = "add number", "add number\add number.csproj", "{D9DAD4CF-7D41-46F9-9434-5BA0480F9B2E}"
EndProject
Global
	GlobalSection(SolutionConfigurationPlatforms) = preSolution
		Debug|Any CPU = Debug|Any CPU
		Release|Any CPU = Release|Any CPU
	EndGlobalSection
	GlobalSection(ProjectConfigurationPlatforms) = postSolution
		{D9DAD4CF-7D41-46F9-9434-5BA0480F9B2E}.Debug|Any CPU.ActiveCfg = Debug|Any CPU
		{D9DAD4CF-7D41-46F9-9434-5BA0480F9B2E}.Debug|Any CPU.Build.0 = Debug|Any CPU
		{D9DAD4CF-7D41-46F9-9434-5BA0480F9B2E}.Release|Any CPU.ActiveCfg = Release|Any CPU
		{D9DAD4CF-7D41-46F9-9434-5BA0480F9B2E}.Release|Any CPU.Build.0 = Release|Any CPU
	EndGlobalSection
	GlobalSection(SolutionProperties) = preSolution
		HideSolutionNode = FALSE
	EndGlobalSection
	GlobalSection(ExtensibilityGlobals) = postSolution
		SolutionGuid = {E565E41C-532D-4AA2-BDCD-9B612ACFBBA0}
	EndGlobalSection
EndGlobal
